
Microsoft Visual Studio Solution File, Format Version 12.00
# Visual Studio Version 17
VisualStudioVersion = 17.0.31919.166
MinimumVisualStudioVersion = 10.0.40219.1
Project("{8BC9CEB8-8B4A-11D0-8D11-00A0C91BC942}") = "Day01", "Day01\Day01.vcxproj", "{0B0518F8-E2C6-4629-A93B-555ED617EF7A}"
EndProject
Project("{8BC9CEB8-8B4A-11D0-8D11-00A0C91BC942}") = "Day02", "Day02\Day02.vcxproj", "{4E04D13A-668C-4893-B10B-B05524798CD7}"
EndProject
Project("{8BC9CEB8-8B4A-11D0-8D11-00A0C91BC942}") = "Day03", "Day03\Day03.vcxproj", "{33944B0E-9809-48B2-8EE0-3FCA14AC5CA1}"
EndProject
Project("{8BC9CEB8-8B4A-11D0-8D11-00A0C91BC942}") = "Day04", "Day04\Day04.vcxproj", "{541116E8-3FB8-4BA6-858C-F8DE06651070}"
EndProject
Project("{8BC9CEB8-8B4A-11D0-8D11-00A0C91BC942}") = "Day05", "Day05\Day05.vcxproj", "{D7FF11B4-BE6D-4967-BBA7-4BB573F93CD3}"
EndProject
Global
	GlobalSection(SolutionConfigurationPlatforms) = preSolution
		Debug|x64 = Debug|x64
		Debug|x86 = Debug|x86
		Release|x64 = Release|x64
		Release|x86 = Release|x86
	EndGlobalSection
	GlobalSection(ProjectConfigurationPlatforms) = postSolution
		{0B0518F8-E2C6-4629-A93B-555ED617EF7A}.Debug|x64.ActiveCfg = Debug|x64
		{0B0518F8-E2C6-4629-A93B-555ED617EF7A}.Debug|x64.Build.0 = Debug|x64
		{0B0518F8-E2C6-4629-A93B-555ED617EF7A}.Debug|x86.ActiveCfg = Debug|Win32
		{0B0518F8-E2C6-4629-A93B-555ED617EF7A}.Debug|x86.Build.0 = Debug|Win32
		{0B0518F8-E2C6-4629-A93B-555ED617EF7A}.Release|x64.ActiveCfg = Release|x64
		{0B0518F8-E2C6-4629-A93B-555ED617EF7A}.Release|x64.Build.0 = Release|x64
		{0B0518F8-E2C6-4629-A93B-555ED617EF7A}.Release|x86.ActiveCfg = Release|Win32
		{0B0518F8-E2C6-4629-A93B-555ED617EF7A}.Release|x86.Build.0 = Release|Win32
		{4E04D13A-668C-4893-B10B-B05524798CD7}.Debug|x64.ActiveCfg = Debug|x64
		{4E04D13A-668C-4893-B10B-B05524798CD7}.Debug|x64.Build.0 = Debug|x64
		{4E04D13A-668C-4893-B10B-B05524798CD7}.Debug|x86.ActiveCfg = Debug|Win32
		{4E04D13A-668C-4893-B10B-B05524798CD7}.Debug|x86.Build.0 = Debug|Win32
		{4E04D13A-668C-4893-B10B-B05524798CD7}.Release|x64.ActiveCfg = Release|x64
		{4E04D13A-668C-4893-B10B-B05524798CD7}.Release|x64.Build.0 = Release|x64
		{4E04D13A-668C-4893-B10B-B05524798CD7}.Release|x86.ActiveCfg = Release|Win32
		{4E04D13A-668C-4893-B10B-B05524798CD7}.Release|x86.Build.0 = Release|Win32
		{33944B0E-9809-48B2-8EE0-3FCA14AC5CA1}.Debug|x64.ActiveCfg = Debug|x64
		{33944B0E-9809-48B2-8EE0-3FCA14AC5CA1}.Debug|x64.Build.0 = Debug|x64
		{33944B0E-9809-48B2-8EE0-3FCA14AC5CA1}.Debug|x86.ActiveCfg = Debug|Win32
		{33944B0E-9809-48B2-8EE0-3FCA14AC5CA1}.Debug|x86.Build.0 = Debug|Win32
		{33944B0E-9809-48B2-8EE0-3FCA14AC5CA1}.Release|x64.ActiveCfg = Release|x64
		{33944B0E-9809-48B2-8EE0-3FCA14AC5CA1}.Release|x64.Build.0 = Release|x64
		{33944B0E-9809-48B2-8EE0-3FCA14AC5CA1}.Release|x86.ActiveCfg = Release|Win32
		{33944B0E-9809-48B2-8EE0-3FCA14AC5CA1}.Release|x86.Build.0 = Release|Win32
		{541116E8-3FB8-4BA6-858C-F8DE06651070}.Debug|x64.ActiveCfg = Debug|x64
		{541116E8-3FB8-4BA6-858C-F8DE06651070}.Debug|x64.Build.0 = Debug|x64
		{541116E8-3FB8-4BA6-858C-F8DE06651070}.Debug|x86.ActiveCfg = Debug|Win32
		{541116E8-3FB8-4BA6-858C-F8DE06651070}.Debug|x86.Build.0 = Debug|Win32
		{541116E8-3FB8-4BA6-858C-F8DE06651070}.Release|x64.ActiveCfg = Release|x64
		{541116E8-3FB8-4BA6-858C-F8DE06651070}.Release|x64.Build.0 = Release|x64
		{541116E8-3FB8-4BA6-858C-F8DE06651070}.Release|x86.ActiveCfg = Release|Win32
		{541116E8-3FB8-4BA6-858C-F8DE06651070}.Release|x86.Build.0 = Release|Win32
		{D7FF11B4-BE6D-4967-BBA7-4BB573F93CD3}.Debug|x64.ActiveCfg = Debug|x64
		{D7FF11B4-BE6D-4967-BBA7-4BB573F93CD3}.Debug|x64.Build.0 = Debug|x64
		{D7FF11B4-BE6D-4967-BBA7-4BB573F93CD3}.Debug|x86.ActiveCfg = Debug|Win32
		{D7FF11B4-BE6D-4967-BBA7-4BB573F93CD3}.Debug|x86.Build.0 = Debug|Win32
		{D7FF11B4-BE6D-4967-BBA7-4BB573F93CD3}.Release|x64.ActiveCfg = Release|x64
		{D7FF11B4-BE6D-4967-BBA7-4BB573F93CD3}.Release|x64.Build.0 = Release|x64
		{D7FF11B4-BE6D-4967-BBA7-4BB573F93CD3}.Release|x86.ActiveCfg = Release|Win32
		{D7FF11B4-BE6D-4967-BBA7-4BB573F93CD3}.Release|x86.Build.0 = Release|Win32
	EndGlobalSection
	GlobalSection(SolutionProperties) = preSolution
		HideSolutionNode = FALSE
	EndGlobalSection
	GlobalSection(ExtensibilityGlobals) = postSolution
		SolutionGuid = {37989F90-BC69-4A75-B906-A0FD48425BD4}
	EndGlobalSection
EndGlobal
